
Microsoft Visual Studio Solution File, Format Version 12.00
# Visual Studio Version 16
VisualStudioVersion = 16.0.31025.194
MinimumVisualStudioVersion = 10.0.40219.1
Project("{FAE04EC0-301F-11D3-BF4B-00C04F79EFBC}") = "Corrente", "Corrente\Corrente.csproj", "{55E9FC3D-8C13-4781-92C7-300F58033D2C}"
EndProject
Global
	GlobalSection(SolutionConfigurationPlatforms) = preSolution
		Debug|Any CPU = Debug|Any CPU
		Release|Any CPU = Release|Any CPU
	EndGlobalSection
	GlobalSection(ProjectConfigurationPlatforms) = postSolution
		{55E9FC3D-8C13-4781-92C7-300F58033D2C}.Debug|Any CPU.ActiveCfg = Debug|Any CPU
		{55E9FC3D-8C13-4781-92C7-300F58033D2C}.Debug|Any CPU.Build.0 = Debug|Any CPU
		{55E9FC3D-8C13-4781-92C7-300F58033D2C}.Release|Any CPU.ActiveCfg = Release|Any CPU
		{55E9FC3D-8C13-4781-92C7-300F58033D2C}.Release|Any CPU.Build.0 = Release|Any CPU
	EndGlobalSection
	GlobalSection(SolutionProperties) = preSolution
		HideSolutionNode = FALSE
	EndGlobalSection
	GlobalSection(ExtensibilityGlobals) = postSolution
		SolutionGuid = {67C9FF5B-21FC-4FBE-817F-8123807B9431}
	EndGlobalSection
EndGlobal
